
Microsoft Visual Studio Solution File, Format Version 12.00
# Visual Studio Version 17
VisualStudioVersion = 17.5.002.0
MinimumVisualStudioVersion = 10.0.40219.1
Project("{9A19103F-16F7-4668-BE54-9A1E7A4F7556}") = "Catalog", "Catalog.Api.csproj", "{81CCB40F-83DC-4D57-BECF-4C9B8FDA505E}"
EndProject
Global
	GlobalSection(SolutionConfigurationPlatforms) = preSolution
		Debug|Any CPU = Debug|Any CPU
		Release|Any CPU = Release|Any CPU
	EndGlobalSection
	GlobalSection(ProjectConfigurationPlatforms) = postSolution
		{81CCB40F-83DC-4D57-BECF-4C9B8FDA505E}.Debug|Any CPU.ActiveCfg = Debug|Any CPU
		{81CCB40F-83DC-4D57-BECF-4C9B8FDA505E}.Debug|Any CPU.Build.0 = Debug|Any CPU
		{81CCB40F-83DC-4D57-BECF-4C9B8FDA505E}.Release|Any CPU.ActiveCfg = Release|Any CPU
		{81CCB40F-83DC-4D57-BECF-4C9B8FDA505E}.Release|Any CPU.Build.0 = Release|Any CPU
	EndGlobalSection
	GlobalSection(SolutionProperties) = preSolution
		HideSolutionNode = FALSE
	EndGlobalSection
	GlobalSection(ExtensibilityGlobals) = postSolution
		SolutionGuid = {36105817-9602-4A22-8B13-5EBECFF8E10B}
	EndGlobalSection
EndGlobal
